// !$*UTF8*$!
{
	archiveVersion = 1;
	classes = {
	};
	objectVersion = 46;
	objects = {

/* Begin PBXBuildFile section */
		648806D21BB8FB5700C058C2 /* PersonTableViewController.m in Sources */ = {isa = PBXBuildFile; fileRef = 648806D01BB8FB5700C058C2 /* PersonTableViewController.m */; };
		648806D31BB8FB5700C058C2 /* PersonTableView.xib in Resources */ = {isa = PBXBuildFile; fileRef = 648806D11BB8FB5700C058C2 /* PersonTableView.xib */; };
		648806D71BB900C800C058C2 /* SinglePersonDetailController.m in Sources */ = {isa = PBXBuildFile; fileRef = 648806D51BB900C800C058C2 /* SinglePersonDetailController.m */; };
		648806D81BB900C800C058C2 /* SinglePersonDetailView.xib in Resources */ = {isa = PBXBuildFile; fileRef = 648806D61BB900C800C058C2 /* SinglePersonDetailView.xib */; };
		648806DA1BB93D3200C058C2 /* Person.xml in Resources */ = {isa = PBXBuildFile; fileRef = 648806D91BB93D3200C058C2 /* Person.xml */; };
		648806DD1BB9458800C058C2 /* PersonXMLParser.m in Sources */ = {isa = PBXBuildFile; fileRef = 648806DC1BB9458800C058C2 /* PersonXMLParser.m */; };
		648806E01BBA763F00C058C2 /* JSONParser.m in Sources */ = {isa = PBXBuildFile; fileRef = 648806DF1BBA763F00C058C2 /* JSONParser.m */; };
		648806E21BBA768C00C058C2 /* PersonJson.json in Resources */ = {isa = PBXBuildFile; fileRef = 648806E11BBA768C00C058C2 /* PersonJson.json */; };
		64F1107D1BB8F6740048ED71 /* AppDelegate.m in Sources */ = {isa = PBXBuildFile; fileRef = 64F1107C1BB8F6740048ED71 /* AppDelegate.m */; };
		64F1107F1BB8F6740048ED71 /* main.m in Sources */ = {isa = PBXBuildFile; fileRef = 64F1107E1BB8F6740048ED71 /* main.m */; };
		64F110811BB8F6740048ED71 /* Images.xcassets in Resources */ = {isa = PBXBuildFile; fileRef = 64F110801BB8F6740048ED71 /* Images.xcassets */; };
		64F110841BB8F6740048ED71 /* MainMenu.xib in Resources */ = {isa = PBXBuildFile; fileRef = 64F110821BB8F6740048ED71 /* MainMenu.xib */; };
		64F110901BB8F6740048ED71 /* TablebindingTests.m in Sources */ = {isa = PBXBuildFile; fileRef = 64F1108F1BB8F6740048ED71 /* TablebindingTests.m */; };
		64F1109F1BB8F7810048ED71 /* Person.m in Sources */ = {isa = PBXBuildFile; fileRef = 64F1109E1BB8F7810048ED71 /* Person.m */; };
/* End PBXBuildFile section */

/* Begin PBXContainerItemProxy section */
		64F1108A1BB8F6740048ED71 /* PBXContainerItemProxy */ = {
			isa = PBXContainerItemProxy;
			containerPortal = 64F1106E1BB8F6740048ED71 /* Project object */;
			proxyType = 1;
			remoteGlobalIDString = 64F110751BB8F6740048ED71;
			remoteInfo = Tablebinding;
		};
/* End PBXContainerItemProxy section */

/* Begin PBXFileReference section */
		648806CF1BB8FB5700C058C2 /* PersonTableViewController.h */ = {isa = PBXFileReference; fileEncoding = 4; lastKnownFileType = sourcecode.c.h; path = PersonTableViewController.h; sourceTree = "<group>"; };
		648806D01BB8FB5700C058C2 /* PersonTableViewController.m */ = {isa = PBXFileReference; fileEncoding = 4; lastKnownFileType = sourcecode.c.objc; path = PersonTableViewController.m; sourceTree = "<group>"; };
		648806D11BB8FB5700C058C2 /* PersonTableView.xib */ = {isa = PBXFileReference; fileEncoding = 4; lastKnownFileType = file.xib; path = PersonTableView.xib; sourceTree = "<group>"; };
		648806D41BB900C800C058C2 /* SinglePersonDetailController.h */ = {isa = PBXFileReference; fileEncoding = 4; lastKnownFileType = sourcecode.c.h; path = SinglePersonDetailController.h; sourceTree = "<group>"; };
		648806D51BB900C800C058C2 /* SinglePersonDetailController.m */ = {isa = PBXFileReference; fileEncoding = 4; lastKnownFileType = sourcecode.c.objc; path = SinglePersonDetailController.m; sourceTree = "<group>"; };
		648806D61BB900C800C058C2 /* SinglePersonDetailView.xib */ = {isa = PBXFileReference; fileEncoding = 4; lastKnownFileType = file.xib; path = SinglePersonDetailView.xib; sourceTree = "<group>"; };
		648806D91BB93D3200C058C2 /* Person.xml */ = {isa = PBXFileReference; fileEncoding = 4; lastKnownFileType = text.xml; path = Person.xml; sourceTree = "<group>"; };
		648806DB1BB9458800C058C2 /* PersonXMLParser.h */ = {isa = PBXFileReference; fileEncoding = 4; lastKnownFileType = sourcecode.c.h; path = PersonXMLParser.h; sourceTree = "<group>"; };
		648806DC1BB9458800C058C2 /* PersonXMLParser.m */ = {isa = PBXFileReference; fileEncoding = 4; lastKnownFileType = sourcecode.c.objc; path = PersonXMLParser.m; sourceTree = "<group>"; };
		648806DE1BBA763F00C058C2 /* JSONParser.h */ = {isa = PBXFileReference; fileEncoding = 4; lastKnownFileType = sourcecode.c.h; path = JSONParser.h; sourceTree = "<group>"; };
		648806DF1BBA763F00C058C2 /* JSONParser.m */ = {isa = PBXFileReference; fileEncoding = 4; lastKnownFileType = sourcecode.c.objc; path = JSONParser.m; sourceTree = "<group>"; };
		648806E11BBA768C00C058C2 /* PersonJson.json */ = {isa = PBXFileReference; fileEncoding = 4; lastKnownFileType = text.json; path = PersonJson.json; sourceTree = "<group>"; };
		64F110761BB8F6740048ED71 /* Tablebinding.app */ = {isa = PBXFileReference; explicitFileType = wrapper.application; includeInIndex = 0; path = Tablebinding.app; sourceTree = BUILT_PRODUCTS_DIR; };
		64F1107A1BB8F6740048ED71 /* Info.plist */ = {isa = PBXFileReference; lastKnownFileType = text.plist.xml; path = Info.plist; sourceTree = "<group>"; };
		64F1107B1BB8F6740048ED71 /* AppDelegate.h */ = {isa = PBXFileReference; lastKnownFileType = sourcecode.c.h; path = AppDelegate.h; sourceTree = "<group>"; };
		64F1107C1BB8F6740048ED71 /* AppDelegate.m */ = {isa = PBXFileReference; lastKnownFileType = sourcecode.c.objc; path = AppDelegate.m; sourceTree = "<group>"; };
		64F1107E1BB8F6740048ED71 /* main.m */ = {isa = PBXFileReference; lastKnownFileType = sourcecode.c.objc; path = main.m; sourceTree = "<group>"; };
		64F110801BB8F6740048ED71 /* Images.xcassets */ = {isa = PBXFileReference; lastKnownFileType = folder.assetcatalog; path = Images.xcassets; sourceTree = "<group>"; };
		64F110831BB8F6740048ED71 /* Base */ = {isa = PBXFileReference; lastKnownFileType = file.xib; name = Base; path = Base.lproj/MainMenu.xib; sourceTree = "<group>"; };
		64F110891BB8F6740048ED71 /* TablebindingTests.xctest */ = {isa = PBXFileReference; explicitFileType = wrapper.cfbundle; includeInIndex = 0; path = TablebindingTests.xctest; sourceTree = BUILT_PRODUCTS_DIR; };
		64F1108E1BB8F6740048ED71 /* Info.plist */ = {isa = PBXFileReference; lastKnownFileType = text.plist.xml; path = Info.plist; sourceTree = "<group>"; };
		64F1108F1BB8F6740048ED71 /* TablebindingTests.m */ = {isa = PBXFileReference; lastKnownFileType = sourcecode.c.objc; path = TablebindingTests.m; sourceTree = "<group>"; };
		64F1109E1BB8F7810048ED71 /* Person.m */ = {isa = PBXFileReference; fileEncoding = 4; lastKnownFileType = sourcecode.c.objc; path = Person.m; sourceTree = "<group>"; };
		64F110A01BB8F7880048ED71 /* Person.h */ = {isa = PBXFileReference; lastKnownFileType = sourcecode.c.h; path = Person.h; sourceTree = "<group>"; };
/* End PBXFileReference section */

/* Begin PBXFrameworksBuildPhase section */
		64F110731BB8F6740048ED71 /* Frameworks */ = {
			isa = PBXFrameworksBuildPhase;
			buildActionMask = 2147483647;
			files = (
			);
			runOnlyForDeploymentPostprocessing = 0;
		};
		64F110861BB8F6740048ED71 /* Frameworks */ = {
			isa = PBXFrameworksBuildPhase;
			buildActionMask = 2147483647;
			files = (
			);
			runOnlyForDeploymentPostprocessing = 0;
		};
/* End PBXFrameworksBuildPhase section */

/* Begin PBXGroup section */
		64F1106D1BB8F6740048ED71 = {
			isa = PBXGroup;
			children = (
				64F110781BB8F6740048ED71 /* Tablebinding */,
				64F1108C1BB8F6740048ED71 /* TablebindingTests */,
				64F110771BB8F6740048ED71 /* Products */,
			);
			sourceTree = "<group>";
		};
		64F110771BB8F6740048ED71 /* Products */ = {
			isa = PBXGroup;
			children = (
				64F110761BB8F6740048ED71 /* Tablebinding.app */,
				64F110891BB8F6740048ED71 /* TablebindingTests.xctest */,
			);
			name = Products;
			sourceTree = "<group>";
		};
		64F110781BB8F6740048ED71 /* Tablebinding */ = {
			isa = PBXGroup;
			children = (
				64F110A01BB8F7880048ED71 /* Person.h */,
				64F1109E1BB8F7810048ED71 /* Person.m */,
				648806DB1BB9458800C058C2 /* PersonXMLParser.h */,
				648806DC1BB9458800C058C2 /* PersonXMLParser.m */,
				64F1107B1BB8F6740048ED71 /* AppDelegate.h */,
				64F1107C1BB8F6740048ED71 /* AppDelegate.m */,
				648806CF1BB8FB5700C058C2 /* PersonTableViewController.h */,
				648806D01BB8FB5700C058C2 /* PersonTableViewController.m */,
				648806D41BB900C800C058C2 /* SinglePersonDetailController.h */,
				648806D51BB900C800C058C2 /* SinglePersonDetailController.m */,
				648806DE1BBA763F00C058C2 /* JSONParser.h */,
				648806DF1BBA763F00C058C2 /* JSONParser.m */,
				648806D61BB900C800C058C2 /* SinglePersonDetailView.xib */,
				648806D11BB8FB5700C058C2 /* PersonTableView.xib */,
				64F110801BB8F6740048ED71 /* Images.xcassets */,
				64F110821BB8F6740048ED71 /* MainMenu.xib */,
				64F110791BB8F6740048ED71 /* Supporting Files */,
			);
			path = Tablebinding;
			sourceTree = "<group>";
		};
		64F110791BB8F6740048ED71 /* Supporting Files */ = {
			isa = PBXGroup;
			children = (
				648806E11BBA768C00C058C2 /* PersonJson.json */,
				648806D91BB93D3200C058C2 /* Person.xml */,
				64F1107A1BB8F6740048ED71 /* Info.plist */,
				64F1107E1BB8F6740048ED71 /* main.m */,
			);
			name = "Supporting Files";
			sourceTree = "<group>";
		};
		64F1108C1BB8F6740048ED71 /* TablebindingTests */ = {
			isa = PBXGroup;
			children = (
				64F1108F1BB8F6740048ED71 /* TablebindingTests.m */,
				64F1108D1BB8F6740048ED71 /* Supporting Files */,
			);
			path = TablebindingTests;
			sourceTree = "<group>";
		};
		64F1108D1BB8F6740048ED71 /* Supporting Files */ = {
			isa = PBXGroup;
			children = (
				64F1108E1BB8F6740048ED71 /* Info.plist */,
			);
			name = "Supporting Files";
			sourceTree = "<group>";
		};
/* End PBXGroup section */

/* Begin PBXNativeTarget section */
		64F110751BB8F6740048ED71 /* Tablebinding */ = {
			isa = PBXNativeTarget;
			buildConfigurationList = 64F110931BB8F6740048ED71 /* Build configuration list for PBXNativeTarget "Tablebinding" */;
			buildPhases = (
				64F110721BB8F6740048ED71 /* Sources */,
				64F110731BB8F6740048ED71 /* Frameworks */,
				64F110741BB8F6740048ED71 /* Resources */,
			);
			buildRules = (
			);
			dependencies = (
			);
			name = Tablebinding;
			productName = Tablebinding;
			productReference = 64F110761BB8F6740048ED71 /* Tablebinding.app */;
			productType = "com.apple.product-type.application";
		};
		64F110881BB8F6740048ED71 /* TablebindingTests */ = {
			isa = PBXNativeTarget;
			buildConfigurationList = 64F110961BB8F6740048ED71 /* Build configuration list for PBXNativeTarget "TablebindingTests" */;
			buildPhases = (
				64F110851BB8F6740048ED71 /* Sources */,
				64F110861BB8F6740048ED71 /* Frameworks */,
				64F110871BB8F6740048ED71 /* Resources */,
			);
			buildRules = (
			);
			dependencies = (
				64F1108B1BB8F6740048ED71 /* PBXTargetDependency */,
			);
			name = TablebindingTests;
			productName = TablebindingTests;
			productReference = 64F110891BB8F6740048ED71 /* TablebindingTests.xctest */;
			productType = "com.apple.product-type.bundle.unit-test";
		};
/* End PBXNativeTarget section */

/* Begin PBXProject section */
		64F1106E1BB8F6740048ED71 /* Project object */ = {
			isa = PBXProject;
			attributes = {
				LastUpgradeCheck = 0640;
				ORGANIZATIONNAME = "Sandeep Joshi";
				TargetAttributes = {
					64F110751BB8F6740048ED71 = {
						CreatedOnToolsVersion = 6.4;
					};
					64F110881BB8F6740048ED71 = {
						CreatedOnToolsVersion = 6.4;
						TestTargetID = 64F110751BB8F6740048ED71;
					};
				};
			};
			buildConfigurationList = 64F110711BB8F6740048ED71 /* Build configuration list for PBXProject "Tablebinding" */;
			compatibilityVersion = "Xcode 3.2";
			developmentRegion = English;
			hasScannedForEncodings = 0;
			knownRegions = (
				en,
				Base,
			);
			mainGroup = 64F1106D1BB8F6740048ED71;
			productRefGroup = 64F110771BB8F6740048ED71 /* Products */;
			projectDirPath = "";
			projectRoot = "";
			targets = (
				64F110751BB8F6740048ED71 /* Tablebinding */,
				64F110881BB8F6740048ED71 /* TablebindingTests */,
			);
		};
/* End PBXProject section */

/* Begin PBXResourcesBuildPhase section */
		64F110741BB8F6740048ED71 /* Resources */ = {
			isa = PBXResourcesBuildPhase;
			buildActionMask = 2147483647;
			files = (
				648806E21BBA768C00C058C2 /* PersonJson.json in Resources */,
				64F110811BB8F6740048ED71 /* Images.xcassets in Resources */,
				64F110841BB8F6740048ED71 /* MainMenu.xib in Resources */,
				648806D81BB900C800C058C2 /* SinglePersonDetailView.xib in Resources */,
				648806DA1BB93D3200C058C2 /* Person.xml in Resources */,
				648806D31BB8FB5700C058C2 /* PersonTableView.xib in Resources */,
			);
			runOnlyForDeploymentPostprocessing = 0;
		};
		64F110871BB8F6740048ED71 /* Resources */ = {
			isa = PBXResourcesBuildPhase;
			buildActionMask = 2147483647;
			files = (
			);
			runOnlyForDeploymentPostprocessing = 0;
		};
/* End PBXResourcesBuildPhase section */

/* Begin PBXSourcesBuildPhase section */
		64F110721BB8F6740048ED71 /* Sources */ = {
			isa = PBXSourcesBuildPhase;
			buildActionMask = 2147483647;
			files = (
				648806E01BBA763F00C058C2 /* JSONParser.m in Sources */,
				64F1109F1BB8F7810048ED71 /* Person.m in Sources */,
				648806DD1BB9458800C058C2 /* PersonXMLParser.m in Sources */,
				64F1107F1BB8F6740048ED71 /* main.m in Sources */,
				648806D71BB900C800C058C2 /* SinglePersonDetailController.m in Sources */,
				648806D21BB8FB5700C058C2 /* PersonTableViewController.m in Sources */,
				64F1107D1BB8F6740048ED71 /* AppDelegate.m in Sources */,
			);
			runOnlyForDeploymentPostprocessing = 0;
		};
		64F110851BB8F6740048ED71 /* Sources */ = {
			isa = PBXSourcesBuildPhase;
			buildActionMask = 2147483647;
			files = (
				64F110901BB8F6740048ED71 /* TablebindingTests.m in Sources */,
			);
			runOnlyForDeploymentPostprocessing = 0;
		};
/* End PBXSourcesBuildPhase section */

/* Begin PBXTargetDependency section */
		64F1108B1BB8F6740048ED71 /* PBXTargetDependency */ = {
			isa = PBXTargetDependency;
			target = 64F110751BB8F6740048ED71 /* Tablebinding */;
			targetProxy = 64F1108A1BB8F6740048ED71 /* PBXContainerItemProxy */;
		};
/* End PBXTargetDependency section */

/* Begin PBXVariantGroup section */
		64F110821BB8F6740048ED71 /* MainMenu.xib */ = {
			isa = PBXVariantGroup;
			children = (
				64F110831BB8F6740048ED71 /* Base */,
			);
			name = MainMenu.xib;
			sourceTree = "<group>";
		};
/* End PBXVariantGroup section */

/* Begin XCBuildConfiguration section */
		64F110911BB8F6740048ED71 /* Debug */ = {
			isa = XCBuildConfiguration;
			buildSettings = {
				ALWAYS_SEARCH_USER_PATHS = NO;
				CLANG_CXX_LANGUAGE_STANDARD = "gnu++0x";
				CLANG_CXX_LIBRARY = "libc++";
				CLANG_ENABLE_MODULES = YES;
				CLANG_ENABLE_OBJC_ARC = YES;
				CLANG_WARN_BOOL_CONVERSION = YES;
				CLANG_WARN_CONSTANT_CONVERSION = YES;
				CLANG_WARN_DIRECT_OBJC_ISA_USAGE = YES_ERROR;
				CLANG_WARN_EMPTY_BODY = YES;
				CLANG_WARN_ENUM_CONVERSION = YES;
				CLANG_WARN_INT_CONVERSION = YES;
				CLANG_WARN_OBJC_ROOT_CLASS = YES_ERROR;
				CLANG_WARN_UNREACHABLE_CODE = YES;
				CLANG_WARN__DUPLICATE_METHOD_MATCH = YES;
				CODE_SIGN_IDENTITY = "-";
				COPY_PHASE_STRIP = NO;
				DEBUG_INFORMATION_FORMAT = dwarf;
				ENABLE_STRICT_OBJC_MSGSEND = YES;
				GCC_C_LANGUAGE_STANDARD = gnu99;
				GCC_DYNAMIC_NO_PIC = NO;
				GCC_NO_COMMON_BLOCKS = YES;
				GCC_OPTIMIZATION_LEVEL = 0;
				GCC_PREPROCESSOR_DEFINITIONS = (
					"DEBUG=1",
					"$(inherited)",
				);
				GCC_SYMBOLS_PRIVATE_EXTERN = NO;
				GCC_WARN_64_TO_32_BIT_CONVERSION = YES;
				GCC_WARN_ABOUT_RETURN_TYPE = YES_ERROR;
				GCC_WARN_UNDECLARED_SELECTOR = YES;
				GCC_WARN_UNINITIALIZED_AUTOS = YES_AGGRESSIVE;
				GCC_WARN_UNUSED_FUNCTION = YES;
				GCC_WARN_UNUSED_VARIABLE = YES;
				MACOSX_DEPLOYMENT_TARGET = 10.10;
				MTL_ENABLE_DEBUG_INFO = YES;
				ONLY_ACTIVE_ARCH = YES;
				SDKROOT = macosx;
			};
			name = Debug;
		};
		64F110921BB8F6740048ED71 /* Release */ = {
			isa = XCBuildConfiguration;
			buildSettings = {
				ALWAYS_SEARCH_USER_PATHS = NO;
				CLANG_CXX_LANGUAGE_STANDARD = "gnu++0x";
				CLANG_CXX_LIBRARY = "libc++";
				CLANG_ENABLE_MODULES = YES;
				CLANG_ENABLE_OBJC_ARC = YES;
				CLANG_WARN_BOOL_CONVERSION = YES;
				CLANG_WARN_CONSTANT_CONVERSION = YES;
				CLANG_WARN_DIRECT_OBJC_ISA_USAGE = YES_ERROR;
				CLANG_WARN_EMPTY_BODY = YES;
				CLANG_WARN_ENUM_CONVERSION = YES;
				CLANG_WARN_INT_CONVERSION = YES;
				CLANG_WARN_OBJC_ROOT_CLASS = YES_ERROR;
				CLANG_WARN_UNREACHABLE_CODE = YES;
				CLANG_WARN__DUPLICATE_METHOD_MATCH = YES;
				CODE_SIGN_IDENTITY = "-";
				COPY_PHASE_STRIP = NO;
				DEBUG_INFORMATION_FORMAT = "dwarf-with-dsym";
				ENABLE_NS_ASSERTIONS = NO;
				ENABLE_STRICT_OBJC_MSGSEND = YES;
				GCC_C_LANGUAGE_STANDARD = gnu99;
				GCC_NO_COMMON_BLOCKS = YES;
				GCC_WARN_64_TO_32_BIT_CONVERSION = YES;
				GCC_WARN_ABOUT_RETURN_TYPE = YES_ERROR;
				GCC_WARN_UNDECLARED_SELECTOR = YES;
				GCC_WARN_UNINITIALIZED_AUTOS = YES_AGGRESSIVE;
				GCC_WARN_UNUSED_FUNCTION = YES;
				GCC_WARN_UNUSED_VARIABLE = YES;
				MACOSX_DEPLOYMENT_TARGET = 10.10;
				MTL_ENABLE_DEBUG_INFO = NO;
				SDKROOT = macosx;
			};
			name = Release;
		};
		64F110941BB8F6740048ED71 /* Debug */ = {
			isa = XCBuildConfiguration;
			buildSettings = {
				ASSETCATALOG_COMPILER_APPICON_NAME = AppIcon;
				COMBINE_HIDPI_IMAGES = YES;
				INFOPLIST_FILE = Tablebinding/Info.plist;
				LD_RUNPATH_SEARCH_PATHS = "$(inherited) @executable_path/../Frameworks";
				PRODUCT_NAME = "$(TARGET_NAME)";
			};
			name = Debug;
		};
		64F110951BB8F6740048ED71 /* Release */ = {
			isa = XCBuildConfiguration;
			buildSettings = {
				ASSETCATALOG_COMPILER_APPICON_NAME = AppIcon;
				COMBINE_HIDPI_IMAGES = YES;
				INFOPLIST_FILE = Tablebinding/Info.plist;
				LD_RUNPATH_SEARCH_PATHS = "$(inherited) @executable_path/../Frameworks";
				PRODUCT_NAME = "$(TARGET_NAME)";
			};
			name = Release;
		};
		64F110971BB8F6740048ED71 /* Debug */ = {
			isa = XCBuildConfiguration;
			buildSettings = {
				BUNDLE_LOADER = "$(TEST_HOST)";
				COMBINE_HIDPI_IMAGES = YES;
				FRAMEWORK_SEARCH_PATHS = (
					"$(DEVELOPER_FRAMEWORKS_DIR)",
					"$(inherited)",
				);
				GCC_PREPROCESSOR_DEFINITIONS = (
					"DEBUG=1",
					"$(inherited)",
				);
				INFOPLIST_FILE = TablebindingTests/Info.plist;
				LD_RUNPATH_SEARCH_PATHS = "$(inherited) @executable_path/../Frameworks @loader_path/../Frameworks";
				PRODUCT_NAME = "$(TARGET_NAME)";
				TEST_HOST = "$(BUILT_PRODUCTS_DIR)/Tablebinding.app/Contents/MacOS/Tablebinding";
			};
			name = Debug;
		};
		64F110981BB8F6740048ED71 /* Release */ = {
			isa = XCBuildConfiguration;
			buildSettings = {
				BUNDLE_LOADER = "$(TEST_HOST)";
				COMBINE_HIDPI_IMAGES = YES;
				FRAMEWORK_SEARCH_PATHS = (
					"$(DEVELOPER_FRAMEWORKS_DIR)",
					"$(inherited)",
				);
				INFOPLIST_FILE = TablebindingTests/Info.plist;
				LD_RUNPATH_SEARCH_PATHS = "$(inherited) @executable_path/../Frameworks @loader_path/../Frameworks";
				PRODUCT_NAME = "$(TARGET_NAME)";
				TEST_HOST = "$(BUILT_PRODUCTS_DIR)/Tablebinding.app/Contents/MacOS/Tablebinding";
			};
			name = Release;
		};
/* End XCBuildConfiguration section */

/* Begin XCConfigurationList section */
		64F110711BB8F6740048ED71 /* Build configuration list for PBXProject "Tablebinding" */ = {
			isa = XCConfigurationList;
			buildConfigurations = (
				64F110911BB8F6740048ED71 /* Debug */,
				64F110921BB8F6740048ED71 /* Release */,
			);
			defaultConfigurationIsVisible = 0;
			defaultConfigurationName = Release;
		};
		64F110931BB8F6740048ED71 /* Build configuration list for PBXNativeTarget "Tablebinding" */ = {
			isa = XCConfigurationList;
			buildConfigurations = (
				64F110941BB8F6740048ED71 /* Debug */,
				64F110951BB8F6740048ED71 /* Release */,
			);
			defaultConfigurationIsVisible = 0;
			defaultConfigurationName = Release;
		};
		64F110961BB8F6740048ED71 /* Build configuration list for PBXNativeTarget "TablebindingTests" */ = {
			isa = XCConfigurationList;
			buildConfigurations = (
				64F110971BB8F6740048ED71 /* Debug */,
				64F110981BB8F6740048ED71 /* Release */,
			);
			defaultConfigurationIsVisible = 0;
			defaultConfigurationName = Release;
		};
/* End XCConfigurationList section */
	};
	rootObject = 64F1106E1BB8F6740048ED71 /* Project object */;
}
