// !$*UTF8*$!
{
	archiveVersion = 1;
	classes = {
	};
	objectVersion = 46;
	objects = {

/* Begin PBXBuildFile section */
		64EAE1C01BABE1730095A710 /* Person.m in Sources */ = {isa = PBXBuildFile; fileRef = 64EAE1BF1BABE1730095A710 /* Person.m */; };
		64F606AF1BA98E77003433FA /* AppDelegate.m in Sources */ = {isa = PBXBuildFile; fileRef = 64F606AE1BA98E77003433FA /* AppDelegate.m */; };
		64F606B11BA98E77003433FA /* main.m in Sources */ = {isa = PBXBuildFile; fileRef = 64F606B01BA98E77003433FA /* main.m */; };
		64F606B31BA98E77003433FA /* Images.xcassets in Resources */ = {isa = PBXBuildFile; fileRef = 64F606B21BA98E77003433FA /* Images.xcassets */; };
		64F606B61BA98E77003433FA /* MainMenu.xib in Resources */ = {isa = PBXBuildFile; fileRef = 64F606B41BA98E77003433FA /* MainMenu.xib */; };
		64F606C21BA98E77003433FA /* Exercise4Tests.m in Sources */ = {isa = PBXBuildFile; fileRef = 64F606C11BA98E77003433FA /* Exercise4Tests.m */; };
		64F8EA441BAFF78F005FB3A6 /* NewWindowController.m in Sources */ = {isa = PBXBuildFile; fileRef = 64F8EA421BAFF78F005FB3A6 /* NewWindowController.m */; };
		64F8EA451BAFF78F005FB3A6 /* NewWindowController.xib in Resources */ = {isa = PBXBuildFile; fileRef = 64F8EA431BAFF78F005FB3A6 /* NewWindowController.xib */; };
		64F8EA491BB01A89005FB3A6 /* TableView.m in Sources */ = {isa = PBXBuildFile; fileRef = 64F8EA471BB01A89005FB3A6 /* TableView.m */; };
		64F8EA4A1BB01A89005FB3A6 /* TableView.xib in Resources */ = {isa = PBXBuildFile; fileRef = 64F8EA481BB01A89005FB3A6 /* TableView.xib */; };
/* End PBXBuildFile section */

/* Begin PBXContainerItemProxy section */
		64F606BC1BA98E77003433FA /* PBXContainerItemProxy */ = {
			isa = PBXContainerItemProxy;
			containerPortal = 64F606A01BA98E77003433FA /* Project object */;
			proxyType = 1;
			remoteGlobalIDString = 64F606A71BA98E77003433FA;
			remoteInfo = Exercise4;
		};
/* End PBXContainerItemProxy section */

/* Begin PBXFileReference section */
		64EAE1BE1BABE1730095A710 /* Person.h */ = {isa = PBXFileReference; fileEncoding = 4; lastKnownFileType = sourcecode.c.h; path = Person.h; sourceTree = "<group>"; };
		64EAE1BF1BABE1730095A710 /* Person.m */ = {isa = PBXFileReference; fileEncoding = 4; lastKnownFileType = sourcecode.c.objc; path = Person.m; sourceTree = "<group>"; };
		64F606A81BA98E77003433FA /* Exercise4.app */ = {isa = PBXFileReference; explicitFileType = wrapper.application; includeInIndex = 0; path = Exercise4.app; sourceTree = BUILT_PRODUCTS_DIR; };
		64F606AC1BA98E77003433FA /* Info.plist */ = {isa = PBXFileReference; lastKnownFileType = text.plist.xml; path = Info.plist; sourceTree = "<group>"; };
		64F606AD1BA98E77003433FA /* AppDelegate.h */ = {isa = PBXFileReference; lastKnownFileType = sourcecode.c.h; path = AppDelegate.h; sourceTree = "<group>"; };
		64F606AE1BA98E77003433FA /* AppDelegate.m */ = {isa = PBXFileReference; lastKnownFileType = sourcecode.c.objc; path = AppDelegate.m; sourceTree = "<group>"; };
		64F606B01BA98E77003433FA /* main.m */ = {isa = PBXFileReference; lastKnownFileType = sourcecode.c.objc; path = main.m; sourceTree = "<group>"; };
		64F606B21BA98E77003433FA /* Images.xcassets */ = {isa = PBXFileReference; lastKnownFileType = folder.assetcatalog; path = Images.xcassets; sourceTree = "<group>"; };
		64F606B51BA98E77003433FA /* Base */ = {isa = PBXFileReference; lastKnownFileType = file.xib; name = Base; path = Base.lproj/MainMenu.xib; sourceTree = "<group>"; };
		64F606BB1BA98E77003433FA /* Exercise4Tests.xctest */ = {isa = PBXFileReference; explicitFileType = wrapper.cfbundle; includeInIndex = 0; path = Exercise4Tests.xctest; sourceTree = BUILT_PRODUCTS_DIR; };
		64F606C01BA98E77003433FA /* Info.plist */ = {isa = PBXFileReference; lastKnownFileType = text.plist.xml; path = Info.plist; sourceTree = "<group>"; };
		64F606C11BA98E77003433FA /* Exercise4Tests.m */ = {isa = PBXFileReference; lastKnownFileType = sourcecode.c.objc; path = Exercise4Tests.m; sourceTree = "<group>"; };
		64F8EA411BAFF78F005FB3A6 /* NewWindowController.h */ = {isa = PBXFileReference; fileEncoding = 4; lastKnownFileType = sourcecode.c.h; path = NewWindowController.h; sourceTree = "<group>"; };
		64F8EA421BAFF78F005FB3A6 /* NewWindowController.m */ = {isa = PBXFileReference; fileEncoding = 4; lastKnownFileType = sourcecode.c.objc; path = NewWindowController.m; sourceTree = "<group>"; };
		64F8EA431BAFF78F005FB3A6 /* NewWindowController.xib */ = {isa = PBXFileReference; fileEncoding = 4; lastKnownFileType = file.xib; path = NewWindowController.xib; sourceTree = "<group>"; };
		64F8EA461BB01A89005FB3A6 /* TableView.h */ = {isa = PBXFileReference; fileEncoding = 4; lastKnownFileType = sourcecode.c.h; path = TableView.h; sourceTree = "<group>"; };
		64F8EA471BB01A89005FB3A6 /* TableView.m */ = {isa = PBXFileReference; fileEncoding = 4; lastKnownFileType = sourcecode.c.objc; path = TableView.m; sourceTree = "<group>"; };
		64F8EA481BB01A89005FB3A6 /* TableView.xib */ = {isa = PBXFileReference; fileEncoding = 4; lastKnownFileType = file.xib; path = TableView.xib; sourceTree = "<group>"; };
/* End PBXFileReference section */

/* Begin PBXFrameworksBuildPhase section */
		64F606A51BA98E77003433FA /* Frameworks */ = {
			isa = PBXFrameworksBuildPhase;
			buildActionMask = 2147483647;
			files = (
			);
			runOnlyForDeploymentPostprocessing = 0;
		};
		64F606B81BA98E77003433FA /* Frameworks */ = {
			isa = PBXFrameworksBuildPhase;
			buildActionMask = 2147483647;
			files = (
			);
			runOnlyForDeploymentPostprocessing = 0;
		};
/* End PBXFrameworksBuildPhase section */

/* Begin PBXGroup section */
		64F6069F1BA98E77003433FA = {
			isa = PBXGroup;
			children = (
				64F606AA1BA98E77003433FA /* Exercise4 */,
				64F606BE1BA98E77003433FA /* Exercise4Tests */,
				64F606A91BA98E77003433FA /* Products */,
			);
			sourceTree = "<group>";
		};
		64F606A91BA98E77003433FA /* Products */ = {
			isa = PBXGroup;
			children = (
				64F606A81BA98E77003433FA /* Exercise4.app */,
				64F606BB1BA98E77003433FA /* Exercise4Tests.xctest */,
			);
			name = Products;
			sourceTree = "<group>";
		};
		64F606AA1BA98E77003433FA /* Exercise4 */ = {
			isa = PBXGroup;
			children = (
				64F606AD1BA98E77003433FA /* AppDelegate.h */,
				64F606AE1BA98E77003433FA /* AppDelegate.m */,
				64F606B41BA98E77003433FA /* MainMenu.xib */,
				64EAE1BE1BABE1730095A710 /* Person.h */,
				64EAE1BF1BABE1730095A710 /* Person.m */,
				64F8EA411BAFF78F005FB3A6 /* NewWindowController.h */,
				64F8EA421BAFF78F005FB3A6 /* NewWindowController.m */,
				64F8EA431BAFF78F005FB3A6 /* NewWindowController.xib */,
				64F8EA461BB01A89005FB3A6 /* TableView.h */,
				64F8EA471BB01A89005FB3A6 /* TableView.m */,
				64F8EA481BB01A89005FB3A6 /* TableView.xib */,
				64F606B21BA98E77003433FA /* Images.xcassets */,
				64F606AB1BA98E77003433FA /* Supporting Files */,
			);
			path = Exercise4;
			sourceTree = "<group>";
		};
		64F606AB1BA98E77003433FA /* Supporting Files */ = {
			isa = PBXGroup;
			children = (
				64F606AC1BA98E77003433FA /* Info.plist */,
				64F606B01BA98E77003433FA /* main.m */,
			);
			name = "Supporting Files";
			sourceTree = "<group>";
		};
		64F606BE1BA98E77003433FA /* Exercise4Tests */ = {
			isa = PBXGroup;
			children = (
				64F606C11BA98E77003433FA /* Exercise4Tests.m */,
				64F606BF1BA98E77003433FA /* Supporting Files */,
			);
			path = Exercise4Tests;
			sourceTree = "<group>";
		};
		64F606BF1BA98E77003433FA /* Supporting Files */ = {
			isa = PBXGroup;
			children = (
				64F606C01BA98E77003433FA /* Info.plist */,
			);
			name = "Supporting Files";
			sourceTree = "<group>";
		};
/* End PBXGroup section */

/* Begin PBXNativeTarget section */
		64F606A71BA98E77003433FA /* Exercise4 */ = {
			isa = PBXNativeTarget;
			buildConfigurationList = 64F606C51BA98E77003433FA /* Build configuration list for PBXNativeTarget "Exercise4" */;
			buildPhases = (
				64F606A41BA98E77003433FA /* Sources */,
				64F606A51BA98E77003433FA /* Frameworks */,
				64F606A61BA98E77003433FA /* Resources */,
			);
			buildRules = (
			);
			dependencies = (
			);
			name = Exercise4;
			productName = Exercise4;
			productReference = 64F606A81BA98E77003433FA /* Exercise4.app */;
			productType = "com.apple.product-type.application";
		};
		64F606BA1BA98E77003433FA /* Exercise4Tests */ = {
			isa = PBXNativeTarget;
			buildConfigurationList = 64F606C81BA98E77003433FA /* Build configuration list for PBXNativeTarget "Exercise4Tests" */;
			buildPhases = (
				64F606B71BA98E77003433FA /* Sources */,
				64F606B81BA98E77003433FA /* Frameworks */,
				64F606B91BA98E77003433FA /* Resources */,
			);
			buildRules = (
			);
			dependencies = (
				64F606BD1BA98E77003433FA /* PBXTargetDependency */,
			);
			name = Exercise4Tests;
			productName = Exercise4Tests;
			productReference = 64F606BB1BA98E77003433FA /* Exercise4Tests.xctest */;
			productType = "com.apple.product-type.bundle.unit-test";
		};
/* End PBXNativeTarget section */

/* Begin PBXProject section */
		64F606A01BA98E77003433FA /* Project object */ = {
			isa = PBXProject;
			attributes = {
				LastUpgradeCheck = 0640;
				ORGANIZATIONNAME = "Sandeep Joshi";
				TargetAttributes = {
					64F606A71BA98E77003433FA = {
						CreatedOnToolsVersion = 6.4;
					};
					64F606BA1BA98E77003433FA = {
						CreatedOnToolsVersion = 6.4;
						TestTargetID = 64F606A71BA98E77003433FA;
					};
				};
			};
			buildConfigurationList = 64F606A31BA98E77003433FA /* Build configuration list for PBXProject "Exercise4" */;
			compatibilityVersion = "Xcode 3.2";
			developmentRegion = English;
			hasScannedForEncodings = 0;
			knownRegions = (
				en,
				Base,
			);
			mainGroup = 64F6069F1BA98E77003433FA;
			productRefGroup = 64F606A91BA98E77003433FA /* Products */;
			projectDirPath = "";
			projectRoot = "";
			targets = (
				64F606A71BA98E77003433FA /* Exercise4 */,
				64F606BA1BA98E77003433FA /* Exercise4Tests */,
			);
		};
/* End PBXProject section */

/* Begin PBXResourcesBuildPhase section */
		64F606A61BA98E77003433FA /* Resources */ = {
			isa = PBXResourcesBuildPhase;
			buildActionMask = 2147483647;
			files = (
				64F606B31BA98E77003433FA /* Images.xcassets in Resources */,
				64F8EA4A1BB01A89005FB3A6 /* TableView.xib in Resources */,
				64F606B61BA98E77003433FA /* MainMenu.xib in Resources */,
				64F8EA451BAFF78F005FB3A6 /* NewWindowController.xib in Resources */,
			);
			runOnlyForDeploymentPostprocessing = 0;
		};
		64F606B91BA98E77003433FA /* Resources */ = {
			isa = PBXResourcesBuildPhase;
			buildActionMask = 2147483647;
			files = (
			);
			runOnlyForDeploymentPostprocessing = 0;
		};
/* End PBXResourcesBuildPhase section */

/* Begin PBXSourcesBuildPhase section */
		64F606A41BA98E77003433FA /* Sources */ = {
			isa = PBXSourcesBuildPhase;
			buildActionMask = 2147483647;
			files = (
				64EAE1C01BABE1730095A710 /* Person.m in Sources */,
				64F606B11BA98E77003433FA /* main.m in Sources */,
				64F8EA441BAFF78F005FB3A6 /* NewWindowController.m in Sources */,
				64F8EA491BB01A89005FB3A6 /* TableView.m in Sources */,
				64F606AF1BA98E77003433FA /* AppDelegate.m in Sources */,
			);
			runOnlyForDeploymentPostprocessing = 0;
		};
		64F606B71BA98E77003433FA /* Sources */ = {
			isa = PBXSourcesBuildPhase;
			buildActionMask = 2147483647;
			files = (
				64F606C21BA98E77003433FA /* Exercise4Tests.m in Sources */,
			);
			runOnlyForDeploymentPostprocessing = 0;
		};
/* End PBXSourcesBuildPhase section */

/* Begin PBXTargetDependency section */
		64F606BD1BA98E77003433FA /* PBXTargetDependency */ = {
			isa = PBXTargetDependency;
			target = 64F606A71BA98E77003433FA /* Exercise4 */;
			targetProxy = 64F606BC1BA98E77003433FA /* PBXContainerItemProxy */;
		};
/* End PBXTargetDependency section */

/* Begin PBXVariantGroup section */
		64F606B41BA98E77003433FA /* MainMenu.xib */ = {
			isa = PBXVariantGroup;
			children = (
				64F606B51BA98E77003433FA /* Base */,
			);
			name = MainMenu.xib;
			sourceTree = "<group>";
		};
/* End PBXVariantGroup section */

/* Begin XCBuildConfiguration section */
		64F606C31BA98E77003433FA /* Debug */ = {
			isa = XCBuildConfiguration;
			buildSettings = {
				ALWAYS_SEARCH_USER_PATHS = NO;
				CLANG_CXX_LANGUAGE_STANDARD = "gnu++0x";
				CLANG_CXX_LIBRARY = "libc++";
				CLANG_ENABLE_MODULES = YES;
				CLANG_ENABLE_OBJC_ARC = YES;
				CLANG_WARN_BOOL_CONVERSION = YES;
				CLANG_WARN_CONSTANT_CONVERSION = YES;
				CLANG_WARN_DIRECT_OBJC_ISA_USAGE = YES_ERROR;
				CLANG_WARN_EMPTY_BODY = YES;
				CLANG_WARN_ENUM_CONVERSION = YES;
				CLANG_WARN_INT_CONVERSION = YES;
				CLANG_WARN_OBJC_ROOT_CLASS = YES_ERROR;
				CLANG_WARN_UNREACHABLE_CODE = YES;
				CLANG_WARN__DUPLICATE_METHOD_MATCH = YES;
				CODE_SIGN_IDENTITY = "-";
				COPY_PHASE_STRIP = NO;
				DEBUG_INFORMATION_FORMAT = dwarf;
				ENABLE_STRICT_OBJC_MSGSEND = YES;
				GCC_C_LANGUAGE_STANDARD = gnu99;
				GCC_DYNAMIC_NO_PIC = NO;
				GCC_NO_COMMON_BLOCKS = YES;
				GCC_OPTIMIZATION_LEVEL = 0;
				GCC_PREPROCESSOR_DEFINITIONS = (
					"DEBUG=1",
					"$(inherited)",
				);
				GCC_SYMBOLS_PRIVATE_EXTERN = NO;
				GCC_WARN_64_TO_32_BIT_CONVERSION = YES;
				GCC_WARN_ABOUT_RETURN_TYPE = YES_ERROR;
				GCC_WARN_UNDECLARED_SELECTOR = YES;
				GCC_WARN_UNINITIALIZED_AUTOS = YES_AGGRESSIVE;
				GCC_WARN_UNUSED_FUNCTION = YES;
				GCC_WARN_UNUSED_VARIABLE = YES;
				MACOSX_DEPLOYMENT_TARGET = 10.10;
				MTL_ENABLE_DEBUG_INFO = YES;
				ONLY_ACTIVE_ARCH = YES;
				SDKROOT = macosx;
			};
			name = Debug;
		};
		64F606C41BA98E77003433FA /* Release */ = {
			isa = XCBuildConfiguration;
			buildSettings = {
				ALWAYS_SEARCH_USER_PATHS = NO;
				CLANG_CXX_LANGUAGE_STANDARD = "gnu++0x";
				CLANG_CXX_LIBRARY = "libc++";
				CLANG_ENABLE_MODULES = YES;
				CLANG_ENABLE_OBJC_ARC = YES;
				CLANG_WARN_BOOL_CONVERSION = YES;
				CLANG_WARN_CONSTANT_CONVERSION = YES;
				CLANG_WARN_DIRECT_OBJC_ISA_USAGE = YES_ERROR;
				CLANG_WARN_EMPTY_BODY = YES;
				CLANG_WARN_ENUM_CONVERSION = YES;
				CLANG_WARN_INT_CONVERSION = YES;
				CLANG_WARN_OBJC_ROOT_CLASS = YES_ERROR;
				CLANG_WARN_UNREACHABLE_CODE = YES;
				CLANG_WARN__DUPLICATE_METHOD_MATCH = YES;
				CODE_SIGN_IDENTITY = "-";
				COPY_PHASE_STRIP = NO;
				DEBUG_INFORMATION_FORMAT = "dwarf-with-dsym";
				ENABLE_NS_ASSERTIONS = NO;
				ENABLE_STRICT_OBJC_MSGSEND = YES;
				GCC_C_LANGUAGE_STANDARD = gnu99;
				GCC_NO_COMMON_BLOCKS = YES;
				GCC_WARN_64_TO_32_BIT_CONVERSION = YES;
				GCC_WARN_ABOUT_RETURN_TYPE = YES_ERROR;
				GCC_WARN_UNDECLARED_SELECTOR = YES;
				GCC_WARN_UNINITIALIZED_AUTOS = YES_AGGRESSIVE;
				GCC_WARN_UNUSED_FUNCTION = YES;
				GCC_WARN_UNUSED_VARIABLE = YES;
				MACOSX_DEPLOYMENT_TARGET = 10.10;
				MTL_ENABLE_DEBUG_INFO = NO;
				SDKROOT = macosx;
			};
			name = Release;
		};
		64F606C61BA98E77003433FA /* Debug */ = {
			isa = XCBuildConfiguration;
			buildSettings = {
				ASSETCATALOG_COMPILER_APPICON_NAME = AppIcon;
				COMBINE_HIDPI_IMAGES = YES;
				INFOPLIST_FILE = Exercise4/Info.plist;
				LD_RUNPATH_SEARCH_PATHS = "$(inherited) @executable_path/../Frameworks";
				PRODUCT_NAME = "$(TARGET_NAME)";
			};
			name = Debug;
		};
		64F606C71BA98E77003433FA /* Release */ = {
			isa = XCBuildConfiguration;
			buildSettings = {
				ASSETCATALOG_COMPILER_APPICON_NAME = AppIcon;
				COMBINE_HIDPI_IMAGES = YES;
				INFOPLIST_FILE = Exercise4/Info.plist;
				LD_RUNPATH_SEARCH_PATHS = "$(inherited) @executable_path/../Frameworks";
				PRODUCT_NAME = "$(TARGET_NAME)";
			};
			name = Release;
		};
		64F606C91BA98E77003433FA /* Debug */ = {
			isa = XCBuildConfiguration;
			buildSettings = {
				BUNDLE_LOADER = "$(TEST_HOST)";
				COMBINE_HIDPI_IMAGES = YES;
				FRAMEWORK_SEARCH_PATHS = (
					"$(DEVELOPER_FRAMEWORKS_DIR)",
					"$(inherited)",
				);
				GCC_PREPROCESSOR_DEFINITIONS = (
					"DEBUG=1",
					"$(inherited)",
				);
				INFOPLIST_FILE = Exercise4Tests/Info.plist;
				LD_RUNPATH_SEARCH_PATHS = "$(inherited) @executable_path/../Frameworks @loader_path/../Frameworks";
				PRODUCT_NAME = "$(TARGET_NAME)";
				TEST_HOST = "$(BUILT_PRODUCTS_DIR)/Exercise4.app/Contents/MacOS/Exercise4";
			};
			name = Debug;
		};
		64F606CA1BA98E77003433FA /* Release */ = {
			isa = XCBuildConfiguration;
			buildSettings = {
				BUNDLE_LOADER = "$(TEST_HOST)";
				COMBINE_HIDPI_IMAGES = YES;
				FRAMEWORK_SEARCH_PATHS = (
					"$(DEVELOPER_FRAMEWORKS_DIR)",
					"$(inherited)",
				);
				INFOPLIST_FILE = Exercise4Tests/Info.plist;
				LD_RUNPATH_SEARCH_PATHS = "$(inherited) @executable_path/../Frameworks @loader_path/../Frameworks";
				PRODUCT_NAME = "$(TARGET_NAME)";
				TEST_HOST = "$(BUILT_PRODUCTS_DIR)/Exercise4.app/Contents/MacOS/Exercise4";
			};
			name = Release;
		};
/* End XCBuildConfiguration section */

/* Begin XCConfigurationList section */
		64F606A31BA98E77003433FA /* Build configuration list for PBXProject "Exercise4" */ = {
			isa = XCConfigurationList;
			buildConfigurations = (
				64F606C31BA98E77003433FA /* Debug */,
				64F606C41BA98E77003433FA /* Release */,
			);
			defaultConfigurationIsVisible = 0;
			defaultConfigurationName = Release;
		};
		64F606C51BA98E77003433FA /* Build configuration list for PBXNativeTarget "Exercise4" */ = {
			isa = XCConfigurationList;
			buildConfigurations = (
				64F606C61BA98E77003433FA /* Debug */,
				64F606C71BA98E77003433FA /* Release */,
			);
			defaultConfigurationIsVisible = 0;
			defaultConfigurationName = Release;
		};
		64F606C81BA98E77003433FA /* Build configuration list for PBXNativeTarget "Exercise4Tests" */ = {
			isa = XCConfigurationList;
			buildConfigurations = (
				64F606C91BA98E77003433FA /* Debug */,
				64F606CA1BA98E77003433FA /* Release */,
			);
			defaultConfigurationIsVisible = 0;
			defaultConfigurationName = Release;
		};
/* End XCConfigurationList section */
	};
	rootObject = 64F606A01BA98E77003433FA /* Project object */;
}
